
Microsoft Visual Studio Solution File, Format Version 12.00
# Visual Studio Version 16
VisualStudioVersion = 16.0.29709.97
MinimumVisualStudioVersion = 10.0.40219.1
Project("{FAE04EC0-301F-11D3-BF4B-00C04F79EFBC}") = "prova-recupero", "prova-recupero\prova-recupero.csproj", "{7CA33168-5374-4F7D-80E4-271B2A7F3584}"
EndProject
Global
	GlobalSection(SolutionConfigurationPlatforms) = preSolution
		Debug|Any CPU = Debug|Any CPU
		Release|Any CPU = Release|Any CPU
	EndGlobalSection
	GlobalSection(ProjectConfigurationPlatforms) = postSolution
		{7CA33168-5374-4F7D-80E4-271B2A7F3584}.Debug|Any CPU.ActiveCfg = Debug|Any CPU
		{7CA33168-5374-4F7D-80E4-271B2A7F3584}.Debug|Any CPU.Build.0 = Debug|Any CPU
		{7CA33168-5374-4F7D-80E4-271B2A7F3584}.Release|Any CPU.ActiveCfg = Release|Any CPU
		{7CA33168-5374-4F7D-80E4-271B2A7F3584}.Release|Any CPU.Build.0 = Release|Any CPU
	EndGlobalSection
	GlobalSection(SolutionProperties) = preSolution
		HideSolutionNode = FALSE
	EndGlobalSection
	GlobalSection(ExtensibilityGlobals) = postSolution
		SolutionGuid = {DCCF1711-3022-4F11-A91A-DFA13222C0FD}
	EndGlobalSection
EndGlobal
